
Microsoft Visual Studio Solution File, Format Version 12.00
# Visual Studio 15
Project("{FAE04EC0-301F-11D3-BF4B-00C04F79EFBC}") = "Oculus.Platform", "Oculus.Platform.csproj", "{9C0545FD-42C2-FFAD-33AE-A0D926F92394}"
EndProject
Project("{FAE04EC0-301F-11D3-BF4B-00C04F79EFBC}") = "Assembly-CSharp", "Assembly-CSharp.csproj", "{A813DBA0-DC04-C89D-FA56-A9520499DD60}"
EndProject
Project("{FAE04EC0-301F-11D3-BF4B-00C04F79EFBC}") = "Oculus.Interaction", "Oculus.Interaction.csproj", "{151F7C99-16F4-5E99-ED65-13E7F50E79E9}"
EndProject
Project("{FAE04EC0-301F-11D3-BF4B-00C04F79EFBC}") = "Facebook.WitAI", "Facebook.WitAI.csproj", "{784D8270-DDB3-4DC4-8C67-85BE2B194F79}"
EndProject
Project("{FAE04EC0-301F-11D3-BF4B-00C04F79EFBC}") = "Oculus.Spatializer", "Oculus.Spatializer.csproj", "{0F357530-2B41-750C-7602-2BAF8F063EC7}"
EndProject
Project("{FAE04EC0-301F-11D3-BF4B-00C04F79EFBC}") = "Facebook.Wit.Dictation", "Facebook.Wit.Dictation.csproj", "{D111B845-03F8-EFBD-6A45-DCA7121C7065}"
EndProject
Project("{FAE04EC0-301F-11D3-BF4B-00C04F79EFBC}") = "Oculus.AudioManager", "Oculus.AudioManager.csproj", "{E596B02A-6F8D-7A46-AEFE-E9A477AE66A6}"
EndProject
Project("{FAE04EC0-301F-11D3-BF4B-00C04F79EFBC}") = "Oculus.VR", "Oculus.VR.csproj", "{249D9CB1-BEDA-CD56-B8D7-A70A87EFD4BE}"
EndProject
Project("{FAE04EC0-301F-11D3-BF4B-00C04F79EFBC}") = "Oculus.Interaction.Samples", "Oculus.Interaction.Samples.csproj", "{11C3A270-2F5D-2263-4DF3-EA90040AE64D}"
EndProject
Project("{FAE04EC0-301F-11D3-BF4B-00C04F79EFBC}") = "VoiceSDK.Runtime", "VoiceSDK.Runtime.csproj", "{BD5E3C1E-CC68-F092-BF53-D649AA607E57}"
EndProject
Project("{FAE04EC0-301F-11D3-BF4B-00C04F79EFBC}") = "VoiceSDK.Dictation.Runtime", "VoiceSDK.Dictation.Runtime.csproj", "{59671B9B-1F05-1E61-C336-F87663BB3681}"
EndProject
Project("{FAE04EC0-301F-11D3-BF4B-00C04F79EFBC}") = "Facebook.Wit.TTS", "Facebook.Wit.TTS.csproj", "{5F38144F-7425-D06A-08A4-C967BBFFE905}"
EndProject
Project("{FAE04EC0-301F-11D3-BF4B-00C04F79EFBC}") = "Oculus.Voice.Demo", "Oculus.Voice.Demo.csproj", "{78DFFDC1-F094-F30E-2146-F12041974644}"
EndProject
Project("{FAE04EC0-301F-11D3-BF4B-00C04F79EFBC}") = "LitJson", "LitJson.csproj", "{27A56881-911F-5A91-506E-B1513391BCB2}"
EndProject
Project("{FAE04EC0-301F-11D3-BF4B-00C04F79EFBC}") = "Facebook.Wit.TTS.Samples", "Facebook.Wit.TTS.Samples.csproj", "{8257AD55-3209-59B4-D10A-0FC3ECF184D3}"
EndProject
Project("{FAE04EC0-301F-11D3-BF4B-00C04F79EFBC}") = "AssistantCoreSDKRuntime", "AssistantCoreSDKRuntime.csproj", "{5792E9C8-E80D-D22B-0976-E6095F6123B7}"
EndProject
Project("{FAE04EC0-301F-11D3-BF4B-00C04F79EFBC}") = "Facebook.Wit.Conduit", "Facebook.Wit.Conduit.csproj", "{1A6086F4-4FCD-0BFC-92E9-2915675478E6}"
EndProject
Project("{FAE04EC0-301F-11D3-BF4B-00C04F79EFBC}") = "Oculus.LipSync", "Oculus.LipSync.csproj", "{4323E399-6228-2313-9ADC-015836E0B1F4}"
EndProject
Project("{FAE04EC0-301F-11D3-BF4B-00C04F79EFBC}") = "Oculus.Platform.Editor", "Oculus.Platform.Editor.csproj", "{3CBF1E5F-741D-1267-2FAB-40F67AF139F8}"
EndProject
Project("{FAE04EC0-301F-11D3-BF4B-00C04F79EFBC}") = "Facebook.Wit.Editor", "Facebook.Wit.Editor.csproj", "{42EF11BE-CFA0-78D3-28FE-765377B47C00}"
EndProject
Project("{FAE04EC0-301F-11D3-BF4B-00C04F79EFBC}") = "Facebook.Wit.Conduit.Editor", "Facebook.Wit.Conduit.Editor.csproj", "{8D96B8DE-A639-7EAD-F989-1C670B1DE004}"
EndProject
Project("{FAE04EC0-301F-11D3-BF4B-00C04F79EFBC}") = "Oculus.AudioManager.Audio.Editor", "Oculus.AudioManager.Audio.Editor.csproj", "{14BAA08F-428B-E472-D251-D10AA3BB7CCB}"
EndProject
Project("{FAE04EC0-301F-11D3-BF4B-00C04F79EFBC}") = "Oculus.Interaction.Editor", "Oculus.Interaction.Editor.csproj", "{B95A0FF7-2E8B-F6C5-F56C-8DDC93D6F505}"
EndProject
Project("{FAE04EC0-301F-11D3-BF4B-00C04F79EFBC}") = "Oculus.VR.Scripts.Editor", "Oculus.VR.Scripts.Editor.csproj", "{F28C6AAF-D768-7414-A018-57D1C31F241F}"
EndProject
Project("{FAE04EC0-301F-11D3-BF4B-00C04F79EFBC}") = "Oculus.VR.Editor", "Oculus.VR.Editor.csproj", "{BC4A56FD-207B-D01D-97B8-14A7CCA672CC}"
EndProject
Project("{FAE04EC0-301F-11D3-BF4B-00C04F79EFBC}") = "Oculus.LipSync.Editor", "Oculus.LipSync.Editor.csproj", "{F5244952-515D-605D-1D6E-46C8F1D9A51C}"
EndProject
Project("{FAE04EC0-301F-11D3-BF4B-00C04F79EFBC}") = "Oculus.Interaction.InterfaceSupport", "Oculus.Interaction.InterfaceSupport.csproj", "{13C43906-583A-4138-AE08-46FA4E761261}"
EndProject
Project("{FAE04EC0-301F-11D3-BF4B-00C04F79EFBC}") = "Assembly-CSharp-Editor", "Assembly-CSharp-Editor.csproj", "{F3B20955-1CFF-3A2C-D306-E6034CF33BCB}"
EndProject
Project("{FAE04EC0-301F-11D3-BF4B-00C04F79EFBC}") = "Oculus.Interaction.Samples.Editor", "Oculus.Interaction.Samples.Editor.csproj", "{D2FCD7DA-008D-590A-01AA-D5C5C7AE53AA}"
EndProject
Project("{FAE04EC0-301F-11D3-BF4B-00C04F79EFBC}") = "VoiceSDK.Editor", "VoiceSDK.Editor.csproj", "{0D99F7FC-3E4C-C529-CCF8-C27BD2E86461}"
EndProject
Project("{FAE04EC0-301F-11D3-BF4B-00C04F79EFBC}") = "AssistantCoreSDKEditor", "AssistantCoreSDKEditor.csproj", "{5640DFEB-6E12-12AF-77FD-8F28EF7F87DA}"
EndProject
Project("{FAE04EC0-301F-11D3-BF4B-00C04F79EFBC}") = "Facebook.Wit.TTS.Editor", "Facebook.Wit.TTS.Editor.csproj", "{B59E75CF-441C-5A6E-326E-0159CFF7C3F1}"
EndProject
Project("{FAE04EC0-301F-11D3-BF4B-00C04F79EFBC}") = "Facebook.Wit.Dictation.Editor", "Facebook.Wit.Dictation.Editor.csproj", "{99F21591-054E-A7FD-EEF5-9D4DF8CC767D}"
EndProject
Project("{FAE04EC0-301F-11D3-BF4B-00C04F79EFBC}") = "VoiceSDK.Dictation.Editor", "VoiceSDK.Dictation.Editor.csproj", "{F4A856F1-2EB9-272F-71EB-5152F788ECC1}"
EndProject
Project("{FAE04EC0-301F-11D3-BF4B-00C04F79EFBC}") = "Oculus.AudioManager.Utils.Editor", "Oculus.AudioManager.Utils.Editor.csproj", "{D3DA2F1B-6D66-859F-F24F-9A785ABD320F}"
EndProject
Project("{FAE04EC0-301F-11D3-BF4B-00C04F79EFBC}") = "Oculus.Spatializer.Editor", "Oculus.Spatializer.Editor.csproj", "{FE40519D-0979-BE67-2B02-8152A08617D2}"
EndProject
Global
	GlobalSection(SolutionConfigurationPlatforms) = preSolution
		Debug|Any CPU = Debug|Any CPU
		Release|Any CPU = Release|Any CPU
	EndGlobalSection
	GlobalSection(ProjectConfigurationPlatforms) = postSolution
		{9C0545FD-42C2-FFAD-33AE-A0D926F92394}.Debug|Any CPU.ActiveCfg = Debug|Any CPU
		{9C0545FD-42C2-FFAD-33AE-A0D926F92394}.Debug|Any CPU.Build.0 = Debug|Any CPU
		{9C0545FD-42C2-FFAD-33AE-A0D926F92394}.Release|Any CPU.ActiveCfg = Release|Any CPU
		{9C0545FD-42C2-FFAD-33AE-A0D926F92394}.Release|Any CPU.Build.0 = Release|Any CPU
		{A813DBA0-DC04-C89D-FA56-A9520499DD60}.Debug|Any CPU.ActiveCfg = Debug|Any CPU
		{A813DBA0-DC04-C89D-FA56-A9520499DD60}.Debug|Any CPU.Build.0 = Debug|Any CPU
		{A813DBA0-DC04-C89D-FA56-A9520499DD60}.Release|Any CPU.ActiveCfg = Release|Any CPU
		{A813DBA0-DC04-C89D-FA56-A9520499DD60}.Release|Any CPU.Build.0 = Release|Any CPU
		{151F7C99-16F4-5E99-ED65-13E7F50E79E9}.Debug|Any CPU.ActiveCfg = Debug|Any CPU
		{151F7C99-16F4-5E99-ED65-13E7F50E79E9}.Debug|Any CPU.Build.0 = Debug|Any CPU
		{151F7C99-16F4-5E99-ED65-13E7F50E79E9}.Release|Any CPU.ActiveCfg = Release|Any CPU
		{151F7C99-16F4-5E99-ED65-13E7F50E79E9}.Release|Any CPU.Build.0 = Release|Any CPU
		{784D8270-DDB3-4DC4-8C67-85BE2B194F79}.Debug|Any CPU.ActiveCfg = Debug|Any CPU
		{784D8270-DDB3-4DC4-8C67-85BE2B194F79}.Debug|Any CPU.Build.0 = Debug|Any CPU
		{784D8270-DDB3-4DC4-8C67-85BE2B194F79}.Release|Any CPU.ActiveCfg = Release|Any CPU
		{784D8270-DDB3-4DC4-8C67-85BE2B194F79}.Release|Any CPU.Build.0 = Release|Any CPU
		{0F357530-2B41-750C-7602-2BAF8F063EC7}.Debug|Any CPU.ActiveCfg = Debug|Any CPU
		{0F357530-2B41-750C-7602-2BAF8F063EC7}.Debug|Any CPU.Build.0 = Debug|Any CPU
		{0F357530-2B41-750C-7602-2BAF8F063EC7}.Release|Any CPU.ActiveCfg = Release|Any CPU
		{0F357530-2B41-750C-7602-2BAF8F063EC7}.Release|Any CPU.Build.0 = Release|Any CPU
		{D111B845-03F8-EFBD-6A45-DCA7121C7065}.Debug|Any CPU.ActiveCfg = Debug|Any CPU
		{D111B845-03F8-EFBD-6A45-DCA7121C7065}.Debug|Any CPU.Build.0 = Debug|Any CPU
		{D111B845-03F8-EFBD-6A45-DCA7121C7065}.Release|Any CPU.ActiveCfg = Release|Any CPU
		{D111B845-03F8-EFBD-6A45-DCA7121C7065}.Release|Any CPU.Build.0 = Release|Any CPU
		{E596B02A-6F8D-7A46-AEFE-E9A477AE66A6}.Debug|Any CPU.ActiveCfg = Debug|Any CPU
		{E596B02A-6F8D-7A46-AEFE-E9A477AE66A6}.Debug|Any CPU.Build.0 = Debug|Any CPU
		{E596B02A-6F8D-7A46-AEFE-E9A477AE66A6}.Release|Any CPU.ActiveCfg = Release|Any CPU
		{E596B02A-6F8D-7A46-AEFE-E9A477AE66A6}.Release|Any CPU.Build.0 = Release|Any CPU
		{249D9CB1-BEDA-CD56-B8D7-A70A87EFD4BE}.Debug|Any CPU.ActiveCfg = Debug|Any CPU
		{249D9CB1-BEDA-CD56-B8D7-A70A87EFD4BE}.Debug|Any CPU.Build.0 = Debug|Any CPU
		{249D9CB1-BEDA-CD56-B8D7-A70A87EFD4BE}.Release|Any CPU.ActiveCfg = Release|Any CPU
		{249D9CB1-BEDA-CD56-B8D7-A70A87EFD4BE}.Release|Any CPU.Build.0 = Release|Any CPU
		{11C3A270-2F5D-2263-4DF3-EA90040AE64D}.Debug|Any CPU.ActiveCfg = Debug|Any CPU
		{11C3A270-2F5D-2263-4DF3-EA90040AE64D}.Debug|Any CPU.Build.0 = Debug|Any CPU
		{11C3A270-2F5D-2263-4DF3-EA90040AE64D}.Release|Any CPU.ActiveCfg = Release|Any CPU
		{11C3A270-2F5D-2263-4DF3-EA90040AE64D}.Release|Any CPU.Build.0 = Release|Any CPU
		{BD5E3C1E-CC68-F092-BF53-D649AA607E57}.Debug|Any CPU.ActiveCfg = Debug|Any CPU
		{BD5E3C1E-CC68-F092-BF53-D649AA607E57}.Debug|Any CPU.Build.0 = Debug|Any CPU
		{BD5E3C1E-CC68-F092-BF53-D649AA607E57}.Release|Any CPU.ActiveCfg = Release|Any CPU
		{BD5E3C1E-CC68-F092-BF53-D649AA607E57}.Release|Any CPU.Build.0 = Release|Any CPU
		{59671B9B-1F05-1E61-C336-F87663BB3681}.Debug|Any CPU.ActiveCfg = Debug|Any CPU
		{59671B9B-1F05-1E61-C336-F87663BB3681}.Debug|Any CPU.Build.0 = Debug|Any CPU
		{59671B9B-1F05-1E61-C336-F87663BB3681}.Release|Any CPU.ActiveCfg = Release|Any CPU
		{59671B9B-1F05-1E61-C336-F87663BB3681}.Release|Any CPU.Build.0 = Release|Any CPU
		{5F38144F-7425-D06A-08A4-C967BBFFE905}.Debug|Any CPU.ActiveCfg = Debug|Any CPU
		{5F38144F-7425-D06A-08A4-C967BBFFE905}.Debug|Any CPU.Build.0 = Debug|Any CPU
		{5F38144F-7425-D06A-08A4-C967BBFFE905}.Release|Any CPU.ActiveCfg = Release|Any CPU
		{5F38144F-7425-D06A-08A4-C967BBFFE905}.Release|Any CPU.Build.0 = Release|Any CPU
		{78DFFDC1-F094-F30E-2146-F12041974644}.Debug|Any CPU.ActiveCfg = Debug|Any CPU
		{78DFFDC1-F094-F30E-2146-F12041974644}.Debug|Any CPU.Build.0 = Debug|Any CPU
		{78DFFDC1-F094-F30E-2146-F12041974644}.Release|Any CPU.ActiveCfg = Release|Any CPU
		{78DFFDC1-F094-F30E-2146-F12041974644}.Release|Any CPU.Build.0 = Release|Any CPU
		{27A56881-911F-5A91-506E-B1513391BCB2}.Debug|Any CPU.ActiveCfg = Debug|Any CPU
		{27A56881-911F-5A91-506E-B1513391BCB2}.Debug|Any CPU.Build.0 = Debug|Any CPU
		{27A56881-911F-5A91-506E-B1513391BCB2}.Release|Any CPU.ActiveCfg = Release|Any CPU
		{27A56881-911F-5A91-506E-B1513391BCB2}.Release|Any CPU.Build.0 = Release|Any CPU
		{8257AD55-3209-59B4-D10A-0FC3ECF184D3}.Debug|Any CPU.ActiveCfg = Debug|Any CPU
		{8257AD55-3209-59B4-D10A-0FC3ECF184D3}.Debug|Any CPU.Build.0 = Debug|Any CPU
		{8257AD55-3209-59B4-D10A-0FC3ECF184D3}.Release|Any CPU.ActiveCfg = Release|Any CPU
		{8257AD55-3209-59B4-D10A-0FC3ECF184D3}.Release|Any CPU.Build.0 = Release|Any CPU
		{5792E9C8-E80D-D22B-0976-E6095F6123B7}.Debug|Any CPU.ActiveCfg = Debug|Any CPU
		{5792E9C8-E80D-D22B-0976-E6095F6123B7}.Debug|Any CPU.Build.0 = Debug|Any CPU
		{5792E9C8-E80D-D22B-0976-E6095F6123B7}.Release|Any CPU.ActiveCfg = Release|Any CPU
		{5792E9C8-E80D-D22B-0976-E6095F6123B7}.Release|Any CPU.Build.0 = Release|Any CPU
		{1A6086F4-4FCD-0BFC-92E9-2915675478E6}.Debug|Any CPU.ActiveCfg = Debug|Any CPU
		{1A6086F4-4FCD-0BFC-92E9-2915675478E6}.Debug|Any CPU.Build.0 = Debug|Any CPU
		{1A6086F4-4FCD-0BFC-92E9-2915675478E6}.Release|Any CPU.ActiveCfg = Release|Any CPU
		{1A6086F4-4FCD-0BFC-92E9-2915675478E6}.Release|Any CPU.Build.0 = Release|Any CPU
		{4323E399-6228-2313-9ADC-015836E0B1F4}.Debug|Any CPU.ActiveCfg = Debug|Any CPU
		{4323E399-6228-2313-9ADC-015836E0B1F4}.Debug|Any CPU.Build.0 = Debug|Any CPU
		{4323E399-6228-2313-9ADC-015836E0B1F4}.Release|Any CPU.ActiveCfg = Release|Any CPU
		{4323E399-6228-2313-9ADC-015836E0B1F4}.Release|Any CPU.Build.0 = Release|Any CPU
		{3CBF1E5F-741D-1267-2FAB-40F67AF139F8}.Debug|Any CPU.ActiveCfg = Debug|Any CPU
		{3CBF1E5F-741D-1267-2FAB-40F67AF139F8}.Debug|Any CPU.Build.0 = Debug|Any CPU
		{3CBF1E5F-741D-1267-2FAB-40F67AF139F8}.Release|Any CPU.ActiveCfg = Release|Any CPU
		{3CBF1E5F-741D-1267-2FAB-40F67AF139F8}.Release|Any CPU.Build.0 = Release|Any CPU
		{42EF11BE-CFA0-78D3-28FE-765377B47C00}.Debug|Any CPU.ActiveCfg = Debug|Any CPU
		{42EF11BE-CFA0-78D3-28FE-765377B47C00}.Debug|Any CPU.Build.0 = Debug|Any CPU
		{42EF11BE-CFA0-78D3-28FE-765377B47C00}.Release|Any CPU.ActiveCfg = Release|Any CPU
		{42EF11BE-CFA0-78D3-28FE-765377B47C00}.Release|Any CPU.Build.0 = Release|Any CPU
		{8D96B8DE-A639-7EAD-F989-1C670B1DE004}.Debug|Any CPU.ActiveCfg = Debug|Any CPU
		{8D96B8DE-A639-7EAD-F989-1C670B1DE004}.Debug|Any CPU.Build.0 = Debug|Any CPU
		{8D96B8DE-A639-7EAD-F989-1C670B1DE004}.Release|Any CPU.ActiveCfg = Release|Any CPU
		{8D96B8DE-A639-7EAD-F989-1C670B1DE004}.Release|Any CPU.Build.0 = Release|Any CPU
		{14BAA08F-428B-E472-D251-D10AA3BB7CCB}.Debug|Any CPU.ActiveCfg = Debug|Any CPU
		{14BAA08F-428B-E472-D251-D10AA3BB7CCB}.Debug|Any CPU.Build.0 = Debug|Any CPU
		{14BAA08F-428B-E472-D251-D10AA3BB7CCB}.Release|Any CPU.ActiveCfg = Release|Any CPU
		{14BAA08F-428B-E472-D251-D10AA3BB7CCB}.Release|Any CPU.Build.0 = Release|Any CPU
		{B95A0FF7-2E8B-F6C5-F56C-8DDC93D6F505}.Debug|Any CPU.ActiveCfg = Debug|Any CPU
		{B95A0FF7-2E8B-F6C5-F56C-8DDC93D6F505}.Debug|Any CPU.Build.0 = Debug|Any CPU
		{B95A0FF7-2E8B-F6C5-F56C-8DDC93D6F505}.Release|Any CPU.ActiveCfg = Release|Any CPU
		{B95A0FF7-2E8B-F6C5-F56C-8DDC93D6F505}.Release|Any CPU.Build.0 = Release|Any CPU
		{F28C6AAF-D768-7414-A018-57D1C31F241F}.Debug|Any CPU.ActiveCfg = Debug|Any CPU
		{F28C6AAF-D768-7414-A018-57D1C31F241F}.Debug|Any CPU.Build.0 = Debug|Any CPU
		{F28C6AAF-D768-7414-A018-57D1C31F241F}.Release|Any CPU.ActiveCfg = Release|Any CPU
		{F28C6AAF-D768-7414-A018-57D1C31F241F}.Release|Any CPU.Build.0 = Release|Any CPU
		{BC4A56FD-207B-D01D-97B8-14A7CCA672CC}.Debug|Any CPU.ActiveCfg = Debug|Any CPU
		{BC4A56FD-207B-D01D-97B8-14A7CCA672CC}.Debug|Any CPU.Build.0 = Debug|Any CPU
		{BC4A56FD-207B-D01D-97B8-14A7CCA672CC}.Release|Any CPU.ActiveCfg = Release|Any CPU
		{BC4A56FD-207B-D01D-97B8-14A7CCA672CC}.Release|Any CPU.Build.0 = Release|Any CPU
		{F5244952-515D-605D-1D6E-46C8F1D9A51C}.Debug|Any CPU.ActiveCfg = Debug|Any CPU
		{F5244952-515D-605D-1D6E-46C8F1D9A51C}.Debug|Any CPU.Build.0 = Debug|Any CPU
		{F5244952-515D-605D-1D6E-46C8F1D9A51C}.Release|Any CPU.ActiveCfg = Release|Any CPU
		{F5244952-515D-605D-1D6E-46C8F1D9A51C}.Release|Any CPU.Build.0 = Release|Any CPU
		{13C43906-583A-4138-AE08-46FA4E761261}.Debug|Any CPU.ActiveCfg = Debug|Any CPU
		{13C43906-583A-4138-AE08-46FA4E761261}.Debug|Any CPU.Build.0 = Debug|Any CPU
		{13C43906-583A-4138-AE08-46FA4E761261}.Release|Any CPU.ActiveCfg = Release|Any CPU
		{13C43906-583A-4138-AE08-46FA4E761261}.Release|Any CPU.Build.0 = Release|Any CPU
		{F3B20955-1CFF-3A2C-D306-E6034CF33BCB}.Debug|Any CPU.ActiveCfg = Debug|Any CPU
		{F3B20955-1CFF-3A2C-D306-E6034CF33BCB}.Debug|Any CPU.Build.0 = Debug|Any CPU
		{F3B20955-1CFF-3A2C-D306-E6034CF33BCB}.Release|Any CPU.ActiveCfg = Release|Any CPU
		{F3B20955-1CFF-3A2C-D306-E6034CF33BCB}.Release|Any CPU.Build.0 = Release|Any CPU
		{D2FCD7DA-008D-590A-01AA-D5C5C7AE53AA}.Debug|Any CPU.ActiveCfg = Debug|Any CPU
		{D2FCD7DA-008D-590A-01AA-D5C5C7AE53AA}.Debug|Any CPU.Build.0 = Debug|Any CPU
		{D2FCD7DA-008D-590A-01AA-D5C5C7AE53AA}.Release|Any CPU.ActiveCfg = Release|Any CPU
		{D2FCD7DA-008D-590A-01AA-D5C5C7AE53AA}.Release|Any CPU.Build.0 = Release|Any CPU
		{0D99F7FC-3E4C-C529-CCF8-C27BD2E86461}.Debug|Any CPU.ActiveCfg = Debug|Any CPU
		{0D99F7FC-3E4C-C529-CCF8-C27BD2E86461}.Debug|Any CPU.Build.0 = Debug|Any CPU
		{0D99F7FC-3E4C-C529-CCF8-C27BD2E86461}.Release|Any CPU.ActiveCfg = Release|Any CPU
		{0D99F7FC-3E4C-C529-CCF8-C27BD2E86461}.Release|Any CPU.Build.0 = Release|Any CPU
		{5640DFEB-6E12-12AF-77FD-8F28EF7F87DA}.Debug|Any CPU.ActiveCfg = Debug|Any CPU
		{5640DFEB-6E12-12AF-77FD-8F28EF7F87DA}.Debug|Any CPU.Build.0 = Debug|Any CPU
		{5640DFEB-6E12-12AF-77FD-8F28EF7F87DA}.Release|Any CPU.ActiveCfg = Release|Any CPU
		{5640DFEB-6E12-12AF-77FD-8F28EF7F87DA}.Release|Any CPU.Build.0 = Release|Any CPU
		{B59E75CF-441C-5A6E-326E-0159CFF7C3F1}.Debug|Any CPU.ActiveCfg = Debug|Any CPU
		{B59E75CF-441C-5A6E-326E-0159CFF7C3F1}.Debug|Any CPU.Build.0 = Debug|Any CPU
		{B59E75CF-441C-5A6E-326E-0159CFF7C3F1}.Release|Any CPU.ActiveCfg = Release|Any CPU
		{B59E75CF-441C-5A6E-326E-0159CFF7C3F1}.Release|Any CPU.Build.0 = Release|Any CPU
		{99F21591-054E-A7FD-EEF5-9D4DF8CC767D}.Debug|Any CPU.ActiveCfg = Debug|Any CPU
		{99F21591-054E-A7FD-EEF5-9D4DF8CC767D}.Debug|Any CPU.Build.0 = Debug|Any CPU
		{99F21591-054E-A7FD-EEF5-9D4DF8CC767D}.Release|Any CPU.ActiveCfg = Release|Any CPU
		{99F21591-054E-A7FD-EEF5-9D4DF8CC767D}.Release|Any CPU.Build.0 = Release|Any CPU
		{F4A856F1-2EB9-272F-71EB-5152F788ECC1}.Debug|Any CPU.ActiveCfg = Debug|Any CPU
		{F4A856F1-2EB9-272F-71EB-5152F788ECC1}.Debug|Any CPU.Build.0 = Debug|Any CPU
		{F4A856F1-2EB9-272F-71EB-5152F788ECC1}.Release|Any CPU.ActiveCfg = Release|Any CPU
		{F4A856F1-2EB9-272F-71EB-5152F788ECC1}.Release|Any CPU.Build.0 = Release|Any CPU
		{D3DA2F1B-6D66-859F-F24F-9A785ABD320F}.Debug|Any CPU.ActiveCfg = Debug|Any CPU
		{D3DA2F1B-6D66-859F-F24F-9A785ABD320F}.Debug|Any CPU.Build.0 = Debug|Any CPU
		{D3DA2F1B-6D66-859F-F24F-9A785ABD320F}.Release|Any CPU.ActiveCfg = Release|Any CPU
		{D3DA2F1B-6D66-859F-F24F-9A785ABD320F}.Release|Any CPU.Build.0 = Release|Any CPU
		{FE40519D-0979-BE67-2B02-8152A08617D2}.Debug|Any CPU.ActiveCfg = Debug|Any CPU
		{FE40519D-0979-BE67-2B02-8152A08617D2}.Debug|Any CPU.Build.0 = Debug|Any CPU
		{FE40519D-0979-BE67-2B02-8152A08617D2}.Release|Any CPU.ActiveCfg = Release|Any CPU
		{FE40519D-0979-BE67-2B02-8152A08617D2}.Release|Any CPU.Build.0 = Release|Any CPU
	EndGlobalSection
	GlobalSection(SolutionProperties) = preSolution
		HideSolutionNode = FALSE
	EndGlobalSection
EndGlobal
